// !$*UTF8*$!
{
	archiveVersion = 1;
	classes = {
	};
	objectVersion = 46;
	objects = {

/* Begin PBXBuildFile section */
		95339FADE0BECC3EB5F3B3CB /* Pods_MVVMExample.framework in Frameworks */ = {isa = PBXBuildFile; fileRef = ECFD432850E29C28BCEAC9FF /* Pods_MVVMExample.framework */; };
		EE6456441F4D840700685160 /* AppDelegate.swift in Sources */ = {isa = PBXBuildFile; fileRef = EE6456431F4D840700685160 /* AppDelegate.swift */; };
		EE6456491F4D840700685160 /* Main.storyboard in Resources */ = {isa = PBXBuildFile; fileRef = EE6456471F4D840700685160 /* Main.storyboard */; };
		EE64564B1F4D840700685160 /* Assets.xcassets in Resources */ = {isa = PBXBuildFile; fileRef = EE64564A1F4D840700685160 /* Assets.xcassets */; };
		EE64564E1F4D840700685160 /* LaunchScreen.storyboard in Resources */ = {isa = PBXBuildFile; fileRef = EE64564C1F4D840700685160 /* LaunchScreen.storyboard */; };
		EE6456561F4D8CDC00685160 /* Worker.swift in Sources */ = {isa = PBXBuildFile; fileRef = EE6456551F4D8CDC00685160 /* Worker.swift */; };
		EE64565F1F4D8E9C00685160 /* WorkersProvider.swift in Sources */ = {isa = PBXBuildFile; fileRef = EE64565E1F4D8E9C00685160 /* WorkersProvider.swift */; };
		EE6456611F4D94ED00685160 /* WorkersController.swift in Sources */ = {isa = PBXBuildFile; fileRef = EE6456601F4D94ED00685160 /* WorkersController.swift */; };
		EE6456641F4D968800685160 /* ViewModel.swift in Sources */ = {isa = PBXBuildFile; fileRef = EE6456631F4D968800685160 /* ViewModel.swift */; };
		EE87FCC41F4ED860007A25E6 /* ViewModelProtocol.swift in Sources */ = {isa = PBXBuildFile; fileRef = EE87FCC31F4ED860007A25E6 /* ViewModelProtocol.swift */; };
/* End PBXBuildFile section */

/* Begin PBXFileReference section */
		874C02C19C9482AA78A23F2D /* Pods-MVVMExample.debug.xcconfig */ = {isa = PBXFileReference; includeInIndex = 1; lastKnownFileType = text.xcconfig; name = "Pods-MVVMExample.debug.xcconfig"; path = "Pods/Target Support Files/Pods-MVVMExample/Pods-MVVMExample.debug.xcconfig"; sourceTree = "<group>"; };
		CFD1546CF68CA65E950797F9 /* Pods-MVVMExample.release.xcconfig */ = {isa = PBXFileReference; includeInIndex = 1; lastKnownFileType = text.xcconfig; name = "Pods-MVVMExample.release.xcconfig"; path = "Pods/Target Support Files/Pods-MVVMExample/Pods-MVVMExample.release.xcconfig"; sourceTree = "<group>"; };
		ECFD432850E29C28BCEAC9FF /* Pods_MVVMExample.framework */ = {isa = PBXFileReference; explicitFileType = wrapper.framework; includeInIndex = 0; path = Pods_MVVMExample.framework; sourceTree = BUILT_PRODUCTS_DIR; };
		EE6456401F4D840700685160 /* MVVMExample.app */ = {isa = PBXFileReference; explicitFileType = wrapper.application; includeInIndex = 0; path = MVVMExample.app; sourceTree = BUILT_PRODUCTS_DIR; };
		EE6456431F4D840700685160 /* AppDelegate.swift */ = {isa = PBXFileReference; lastKnownFileType = sourcecode.swift; path = AppDelegate.swift; sourceTree = "<group>"; };
		EE6456481F4D840700685160 /* Base */ = {isa = PBXFileReference; lastKnownFileType = file.storyboard; name = Base; path = Base.lproj/Main.storyboard; sourceTree = "<group>"; };
		EE64564A1F4D840700685160 /* Assets.xcassets */ = {isa = PBXFileReference; lastKnownFileType = folder.assetcatalog; path = Assets.xcassets; sourceTree = "<group>"; };
		EE64564D1F4D840700685160 /* Base */ = {isa = PBXFileReference; lastKnownFileType = file.storyboard; name = Base; path = Base.lproj/LaunchScreen.storyboard; sourceTree = "<group>"; };
		EE64564F1F4D840800685160 /* Info.plist */ = {isa = PBXFileReference; lastKnownFileType = text.plist.xml; path = Info.plist; sourceTree = "<group>"; };
		EE6456551F4D8CDC00685160 /* Worker.swift */ = {isa = PBXFileReference; fileEncoding = 4; lastKnownFileType = sourcecode.swift; path = Worker.swift; sourceTree = "<group>"; };
		EE64565E1F4D8E9C00685160 /* WorkersProvider.swift */ = {isa = PBXFileReference; fileEncoding = 4; lastKnownFileType = sourcecode.swift; path = WorkersProvider.swift; sourceTree = "<group>"; };
		EE6456601F4D94ED00685160 /* WorkersController.swift */ = {isa = PBXFileReference; fileEncoding = 4; lastKnownFileType = sourcecode.swift; path = WorkersController.swift; sourceTree = "<group>"; };
		EE6456631F4D968800685160 /* ViewModel.swift */ = {isa = PBXFileReference; fileEncoding = 4; lastKnownFileType = sourcecode.swift; path = ViewModel.swift; sourceTree = "<group>"; };
		EE87FCC31F4ED860007A25E6 /* ViewModelProtocol.swift */ = {isa = PBXFileReference; fileEncoding = 4; lastKnownFileType = sourcecode.swift; path = ViewModelProtocol.swift; sourceTree = "<group>"; };
/* End PBXFileReference section */

/* Begin PBXFrameworksBuildPhase section */
		EE64563D1F4D840700685160 /* Frameworks */ = {
			isa = PBXFrameworksBuildPhase;
			buildActionMask = 2147483647;
			files = (
				95339FADE0BECC3EB5F3B3CB /* Pods_MVVMExample.framework in Frameworks */,
			);
			runOnlyForDeploymentPostprocessing = 0;
		};
/* End PBXFrameworksBuildPhase section */

/* Begin PBXGroup section */
		24C6321876DF42A3C162DFDB /* Pods */ = {
			isa = PBXGroup;
			children = (
				874C02C19C9482AA78A23F2D /* Pods-MVVMExample.debug.xcconfig */,
				CFD1546CF68CA65E950797F9 /* Pods-MVVMExample.release.xcconfig */,
			);
			name = Pods;
			sourceTree = "<group>";
		};
		8DC51547D8A2F17E2C5B34B4 /* Frameworks */ = {
			isa = PBXGroup;
			children = (
				ECFD432850E29C28BCEAC9FF /* Pods_MVVMExample.framework */,
			);
			name = Frameworks;
			sourceTree = "<group>";
		};
		EE6456371F4D840700685160 = {
			isa = PBXGroup;
			children = (
				EE6456421F4D840700685160 /* MVVMExample */,
				EE6456411F4D840700685160 /* Products */,
				24C6321876DF42A3C162DFDB /* Pods */,
				8DC51547D8A2F17E2C5B34B4 /* Frameworks */,
			);
			sourceTree = "<group>";
		};
		EE6456411F4D840700685160 /* Products */ = {
			isa = PBXGroup;
			children = (
				EE6456401F4D840700685160 /* MVVMExample.app */,
			);
			name = Products;
			sourceTree = "<group>";
		};
		EE6456421F4D840700685160 /* MVVMExample */ = {
			isa = PBXGroup;
			children = (
				EE87FCC31F4ED860007A25E6 /* ViewModelProtocol.swift */,
				EE6456651F4D9EE500685160 /* ViewModels */,
				EE6456621F4D957F00685160 /* Controllers */,
				EE64565C1F4D8E7000685160 /* Data */,
				EE6456591F4D8DA500685160 /* Model */,
				EE6456431F4D840700685160 /* AppDelegate.swift */,
				EE6456471F4D840700685160 /* Main.storyboard */,
				EE64564A1F4D840700685160 /* Assets.xcassets */,
				EE64564C1F4D840700685160 /* LaunchScreen.storyboard */,
				EE64564F1F4D840800685160 /* Info.plist */,
			);
			path = MVVMExample;
			sourceTree = "<group>";
		};
		EE6456591F4D8DA500685160 /* Model */ = {
			isa = PBXGroup;
			children = (
				EE6456551F4D8CDC00685160 /* Worker.swift */,
			);
			name = Model;
			sourceTree = "<group>";
		};
		EE64565C1F4D8E7000685160 /* Data */ = {
			isa = PBXGroup;
			children = (
				EE64565D1F4D8E8400685160 /* Data Provider */,
			);
			name = Data;
			sourceTree = "<group>";
		};
		EE64565D1F4D8E8400685160 /* Data Provider */ = {
			isa = PBXGroup;
			children = (
				EE64565E1F4D8E9C00685160 /* WorkersProvider.swift */,
			);
			name = "Data Provider";
			sourceTree = "<group>";
		};
		EE6456621F4D957F00685160 /* Controllers */ = {
			isa = PBXGroup;
			children = (
				EE6456601F4D94ED00685160 /* WorkersController.swift */,
			);
			name = Controllers;
			sourceTree = "<group>";
		};
		EE6456651F4D9EE500685160 /* ViewModels */ = {
			isa = PBXGroup;
			children = (
				EE6456631F4D968800685160 /* ViewModel.swift */,
			);
			name = ViewModels;
			sourceTree = "<group>";
		};
/* End PBXGroup section */

/* Begin PBXNativeTarget section */
		EE64563F1F4D840700685160 /* MVVMExample */ = {
			isa = PBXNativeTarget;
			buildConfigurationList = EE6456521F4D840800685160 /* Build configuration list for PBXNativeTarget "MVVMExample" */;
			buildPhases = (
				65D607C9612741D295F11BE0 /* [CP] Check Pods Manifest.lock */,
				EE64563C1F4D840700685160 /* Sources */,
				EE64563D1F4D840700685160 /* Frameworks */,
				EE64563E1F4D840700685160 /* Resources */,
				97063B31217B69C7824D173E /* [CP] Embed Pods Frameworks */,
				693A28215C18FA81B94F806C /* [CP] Copy Pods Resources */,
			);
			buildRules = (
			);
			dependencies = (
			);
			name = MVVMExample;
			productName = MVVMExample;
			productReference = EE6456401F4D840700685160 /* MVVMExample.app */;
			productType = "com.apple.product-type.application";
		};
/* End PBXNativeTarget section */

/* Begin PBXProject section */
		EE6456381F4D840700685160 /* Project object */ = {
			isa = PBXProject;
			attributes = {
				LastSwiftUpdateCheck = 0830;
				LastUpgradeCheck = 0830;
				ORGANIZATIONNAME = "Raman Liulkovich";
				TargetAttributes = {
					EE64563F1F4D840700685160 = {
						CreatedOnToolsVersion = 8.3.3;
						ProvisioningStyle = Automatic;
					};
				};
			};
			buildConfigurationList = EE64563B1F4D840700685160 /* Build configuration list for PBXProject "MVVMExample" */;
			compatibilityVersion = "Xcode 3.2";
			developmentRegion = English;
			hasScannedForEncodings = 0;
			knownRegions = (
				en,
				Base,
			);
			mainGroup = EE6456371F4D840700685160;
			productRefGroup = EE6456411F4D840700685160 /* Products */;
			projectDirPath = "";
			projectRoot = "";
			targets = (
				EE64563F1F4D840700685160 /* MVVMExample */,
			);
		};
/* End PBXProject section */

/* Begin PBXResourcesBuildPhase section */
		EE64563E1F4D840700685160 /* Resources */ = {
			isa = PBXResourcesBuildPhase;
			buildActionMask = 2147483647;
			files = (
				EE64564E1F4D840700685160 /* LaunchScreen.storyboard in Resources */,
				EE64564B1F4D840700685160 /* Assets.xcassets in Resources */,
				EE6456491F4D840700685160 /* Main.storyboard in Resources */,
			);
			runOnlyForDeploymentPostprocessing = 0;
		};
/* End PBXResourcesBuildPhase section */

/* Begin PBXShellScriptBuildPhase section */
		65D607C9612741D295F11BE0 /* [CP] Check Pods Manifest.lock */ = {
			isa = PBXShellScriptBuildPhase;
			buildActionMask = 2147483647;
			files = (
			);
			inputPaths = (
				"${PODS_PODFILE_DIR_PATH}/Podfile.lock",
				"${PODS_ROOT}/Manifest.lock",
			);
			name = "[CP] Check Pods Manifest.lock";
			outputPaths = (
				"$(DERIVED_FILE_DIR)/Pods-MVVMExample-checkManifestLockResult.txt",
			);
			runOnlyForDeploymentPostprocessing = 0;
			shellPath = /bin/sh;
			shellScript = "diff \"${PODS_PODFILE_DIR_PATH}/Podfile.lock\" \"${PODS_ROOT}/Manifest.lock\" > /dev/null\nif [ $? != 0 ] ; then\n    # print error to STDERR\n    echo \"error: The sandbox is not in sync with the Podfile.lock. Run 'pod install' or update your CocoaPods installation.\" >&2\n    exit 1\nfi\n# This output is used by Xcode 'outputs' to avoid re-running this script phase.\necho \"SUCCESS\" > \"${SCRIPT_OUTPUT_FILE_0}\"\n";
			showEnvVarsInLog = 0;
		};
		693A28215C18FA81B94F806C /* [CP] Copy Pods Resources */ = {
			isa = PBXShellScriptBuildPhase;
			buildActionMask = 2147483647;
			files = (
			);
			inputPaths = (
			);
			name = "[CP] Copy Pods Resources";
			outputPaths = (
			);
			runOnlyForDeploymentPostprocessing = 0;
			shellPath = /bin/sh;
			shellScript = "\"${SRCROOT}/Pods/Target Support Files/Pods-MVVMExample/Pods-MVVMExample-resources.sh\"\n";
			showEnvVarsInLog = 0;
		};
		97063B31217B69C7824D173E /* [CP] Embed Pods Frameworks */ = {
			isa = PBXShellScriptBuildPhase;
			buildActionMask = 2147483647;
			files = (
			);
			inputPaths = (
				"${SRCROOT}/Pods/Target Support Files/Pods-MVVMExample/Pods-MVVMExample-frameworks.sh",
				"${BUILT_PRODUCTS_DIR}/Alamofire/Alamofire.framework",
				"${BUILT_PRODUCTS_DIR}/ReactiveCocoa/ReactiveCocoa.framework",
				"${BUILT_PRODUCTS_DIR}/ReactiveSwift/ReactiveSwift.framework",
				"${BUILT_PRODUCTS_DIR}/Result/Result.framework",
			);
			name = "[CP] Embed Pods Frameworks";
			outputPaths = (
				"${TARGET_BUILD_DIR}/${FRAMEWORKS_FOLDER_PATH}/Alamofire.framework",
				"${TARGET_BUILD_DIR}/${FRAMEWORKS_FOLDER_PATH}/ReactiveCocoa.framework",
				"${TARGET_BUILD_DIR}/${FRAMEWORKS_FOLDER_PATH}/ReactiveSwift.framework",
				"${TARGET_BUILD_DIR}/${FRAMEWORKS_FOLDER_PATH}/Result.framework",
			);
			runOnlyForDeploymentPostprocessing = 0;
			shellPath = /bin/sh;
			shellScript = "\"${SRCROOT}/Pods/Target Support Files/Pods-MVVMExample/Pods-MVVMExample-frameworks.sh\"\n";
			showEnvVarsInLog = 0;
		};
/* End PBXShellScriptBuildPhase section */

/* Begin PBXSourcesBuildPhase section */
		EE64563C1F4D840700685160 /* Sources */ = {
			isa = PBXSourcesBuildPhase;
			buildActionMask = 2147483647;
			files = (
				EE6456641F4D968800685160 /* ViewModel.swift in Sources */,
				EE64565F1F4D8E9C00685160 /* WorkersProvider.swift in Sources */,
				EE87FCC41F4ED860007A25E6 /* ViewModelProtocol.swift in Sources */,
				EE6456561F4D8CDC00685160 /* Worker.swift in Sources */,
				EE6456441F4D840700685160 /* AppDelegate.swift in Sources */,
				EE6456611F4D94ED00685160 /* WorkersController.swift in Sources */,
			);
			runOnlyForDeploymentPostprocessing = 0;
		};
/* End PBXSourcesBuildPhase section */

/* Begin PBXVariantGroup section */
		EE6456471F4D840700685160 /* Main.storyboard */ = {
			isa = PBXVariantGroup;
			children = (
				EE6456481F4D840700685160 /* Base */,
			);
			name = Main.storyboard;
			sourceTree = "<group>";
		};
		EE64564C1F4D840700685160 /* LaunchScreen.storyboard */ = {
			isa = PBXVariantGroup;
			children = (
				EE64564D1F4D840700685160 /* Base */,
			);
			name = LaunchScreen.storyboard;
			sourceTree = "<group>";
		};
/* End PBXVariantGroup section */

/* Begin XCBuildConfiguration section */
		EE6456501F4D840800685160 /* Debug */ = {
			isa = XCBuildConfiguration;
			buildSettings = {
				ALWAYS_SEARCH_USER_PATHS = NO;
				CLANG_ANALYZER_NONNULL = YES;
				CLANG_ANALYZER_NUMBER_OBJECT_CONVERSION = YES_AGGRESSIVE;
				CLANG_CXX_LANGUAGE_STANDARD = "gnu++0x";
				CLANG_CXX_LIBRARY = "libc++";
				CLANG_ENABLE_MODULES = YES;
				CLANG_ENABLE_OBJC_ARC = YES;
				CLANG_WARN_BOOL_CONVERSION = YES;
				CLANG_WARN_CONSTANT_CONVERSION = YES;
				CLANG_WARN_DIRECT_OBJC_ISA_USAGE = YES_ERROR;
				CLANG_WARN_DOCUMENTATION_COMMENTS = YES;
				CLANG_WARN_EMPTY_BODY = YES;
				CLANG_WARN_ENUM_CONVERSION = YES;
				CLANG_WARN_INFINITE_RECURSION = YES;
				CLANG_WARN_INT_CONVERSION = YES;
				CLANG_WARN_OBJC_ROOT_CLASS = YES_ERROR;
				CLANG_WARN_SUSPICIOUS_MOVE = YES;
				CLANG_WARN_UNREACHABLE_CODE = YES;
				CLANG_WARN__DUPLICATE_METHOD_MATCH = YES;
				"CODE_SIGN_IDENTITY[sdk=iphoneos*]" = "iPhone Developer";
				COPY_PHASE_STRIP = NO;
				DEBUG_INFORMATION_FORMAT = dwarf;
				ENABLE_STRICT_OBJC_MSGSEND = YES;
				ENABLE_TESTABILITY = YES;
				GCC_C_LANGUAGE_STANDARD = gnu99;
				GCC_DYNAMIC_NO_PIC = NO;
				GCC_NO_COMMON_BLOCKS = YES;
				GCC_OPTIMIZATION_LEVEL = 0;
				GCC_PREPROCESSOR_DEFINITIONS = (
					"DEBUG=1",
					"$(inherited)",
				);
				GCC_WARN_64_TO_32_BIT_CONVERSION = YES;
				GCC_WARN_ABOUT_RETURN_TYPE = YES_ERROR;
				GCC_WARN_UNDECLARED_SELECTOR = YES;
				GCC_WARN_UNINITIALIZED_AUTOS = YES_AGGRESSIVE;
				GCC_WARN_UNUSED_FUNCTION = YES;
				GCC_WARN_UNUSED_VARIABLE = YES;
				IPHONEOS_DEPLOYMENT_TARGET = 10.3;
				MTL_ENABLE_DEBUG_INFO = YES;
				ONLY_ACTIVE_ARCH = YES;
				SDKROOT = iphoneos;
				SWIFT_ACTIVE_COMPILATION_CONDITIONS = DEBUG;
				SWIFT_OPTIMIZATION_LEVEL = "-Onone";
				TARGETED_DEVICE_FAMILY = "1,2";
			};
			name = Debug;
		};
		EE6456511F4D840800685160 /* Release */ = {
			isa = XCBuildConfiguration;
			buildSettings = {
				ALWAYS_SEARCH_USER_PATHS = NO;
				CLANG_ANALYZER_NONNULL = YES;
				CLANG_ANALYZER_NUMBER_OBJECT_CONVERSION = YES_AGGRESSIVE;
				CLANG_CXX_LANGUAGE_STANDARD = "gnu++0x";
				CLANG_CXX_LIBRARY = "libc++";
				CLANG_ENABLE_MODULES = YES;
				CLANG_ENABLE_OBJC_ARC = YES;
				CLANG_WARN_BOOL_CONVERSION = YES;
				CLANG_WARN_CONSTANT_CONVERSION = YES;
				CLANG_WARN_DIRECT_OBJC_ISA_USAGE = YES_ERROR;
				CLANG_WARN_DOCUMENTATION_COMMENTS = YES;
				CLANG_WARN_EMPTY_BODY = YES;
				CLANG_WARN_ENUM_CONVERSION = YES;
				CLANG_WARN_INFINITE_RECURSION = YES;
				CLANG_WARN_INT_CONVERSION = YES;
				CLANG_WARN_OBJC_ROOT_CLASS = YES_ERROR;
				CLANG_WARN_SUSPICIOUS_MOVE = YES;
				CLANG_WARN_UNREACHABLE_CODE = YES;
				CLANG_WARN__DUPLICATE_METHOD_MATCH = YES;
				"CODE_SIGN_IDENTITY[sdk=iphoneos*]" = "iPhone Developer";
				COPY_PHASE_STRIP = NO;
				DEBUG_INFORMATION_FORMAT = "dwarf-with-dsym";
				ENABLE_NS_ASSERTIONS = NO;
				ENABLE_STRICT_OBJC_MSGSEND = YES;
				GCC_C_LANGUAGE_STANDARD = gnu99;
				GCC_NO_COMMON_BLOCKS = YES;
				GCC_WARN_64_TO_32_BIT_CONVERSION = YES;
				GCC_WARN_ABOUT_RETURN_TYPE = YES_ERROR;
				GCC_WARN_UNDECLARED_SELECTOR = YES;
				GCC_WARN_UNINITIALIZED_AUTOS = YES_AGGRESSIVE;
				GCC_WARN_UNUSED_FUNCTION = YES;
				GCC_WARN_UNUSED_VARIABLE = YES;
				IPHONEOS_DEPLOYMENT_TARGET = 10.3;
				MTL_ENABLE_DEBUG_INFO = NO;
				SDKROOT = iphoneos;
				SWIFT_OPTIMIZATION_LEVEL = "-Owholemodule";
				TARGETED_DEVICE_FAMILY = "1,2";
				VALIDATE_PRODUCT = YES;
			};
			name = Release;
		};
		EE6456531F4D840800685160 /* Debug */ = {
			isa = XCBuildConfiguration;
			baseConfigurationReference = 874C02C19C9482AA78A23F2D /* Pods-MVVMExample.debug.xcconfig */;
			buildSettings = {
				ASSETCATALOG_COMPILER_APPICON_NAME = AppIcon;
				INFOPLIST_FILE = MVVMExample/Info.plist;
				LD_RUNPATH_SEARCH_PATHS = "$(inherited) @executable_path/Frameworks";
				PRODUCT_BUNDLE_IDENTIFIER = testProjects.MVVMExample;
				PRODUCT_NAME = "$(TARGET_NAME)";
				SWIFT_VERSION = 3.0;
			};
			name = Debug;
		};
		EE6456541F4D840800685160 /* Release */ = {
			isa = XCBuildConfiguration;
			baseConfigurationReference = CFD1546CF68CA65E950797F9 /* Pods-MVVMExample.release.xcconfig */;
			buildSettings = {
				ASSETCATALOG_COMPILER_APPICON_NAME = AppIcon;
				INFOPLIST_FILE = MVVMExample/Info.plist;
				LD_RUNPATH_SEARCH_PATHS = "$(inherited) @executable_path/Frameworks";
				PRODUCT_BUNDLE_IDENTIFIER = testProjects.MVVMExample;
				PRODUCT_NAME = "$(TARGET_NAME)";
				SWIFT_VERSION = 3.0;
			};
			name = Release;
		};
/* End XCBuildConfiguration section */

/* Begin XCConfigurationList section */
		EE64563B1F4D840700685160 /* Build configuration list for PBXProject "MVVMExample" */ = {
			isa = XCConfigurationList;
			buildConfigurations = (
				EE6456501F4D840800685160 /* Debug */,
				EE6456511F4D840800685160 /* Release */,
			);
			defaultConfigurationIsVisible = 0;
			defaultConfigurationName = Release;
		};
		EE6456521F4D840800685160 /* Build configuration list for PBXNativeTarget "MVVMExample" */ = {
			isa = XCConfigurationList;
			buildConfigurations = (
				EE6456531F4D840800685160 /* Debug */,
				EE6456541F4D840800685160 /* Release */,
			);
			defaultConfigurationIsVisible = 0;
			defaultConfigurationName = Release;
		};
/* End XCConfigurationList section */
	};
	rootObject = EE6456381F4D840700685160 /* Project object */;
}
